// !$*UTF8*$!
{
	archiveVersion = 1;
	classes = {
	};
	objectVersion = 77;
	objects = {

/* Begin PBXBuildFile section */
		8CA7486F2F3F283400093052 /* Supabase in Frameworks */ = {isa = PBXBuildFile; productRef = 8CA1B0012F3D000000000010 /* Supabase */; };
		8CC31A322F58744A003DE4D8 /* GoogleSignIn in Frameworks */ = {isa = PBXBuildFile; productRef = 8CC31A312F58744A003DE4D8 /* GoogleSignIn */; };
		8CDC76D12F7781D600F33A49 /* GoogleMobileAds in Frameworks */ = {isa = PBXBuildFile; productRef = 8CDC76D02F7781D600F33A49 /* GoogleMobileAds */; };
/* End PBXBuildFile section */

/* Begin PBXContainerItemProxy section */
		8C9DD8BA2F1A78F7003088CF /* PBXContainerItemProxy */ = {
			isa = PBXContainerItemProxy;
			containerPortal = 8C9DD8A42F1A78F4003088CF /* Project object */;
			proxyType = 1;
			remoteGlobalIDString = 8C9DD8AB2F1A78F4003088CF;
			remoteInfo = split;
		};
		8C9DD8C42F1A78F7003088CF /* PBXContainerItemProxy */ = {
			isa = PBXContainerItemProxy;
			containerPortal = 8C9DD8A42F1A78F4003088CF /* Project object */;
			proxyType = 1;
			remoteGlobalIDString = 8C9DD8AB2F1A78F4003088CF;
			remoteInfo = split;
		};
/* End PBXContainerItemProxy section */

/* Begin PBXFileReference section */
		8C9DD8AC2F1A78F4003088CF /* split.app */ = {isa = PBXFileReference; explicitFileType = wrapper.application; includeInIndex = 0; path = split.app; sourceTree = BUILT_PRODUCTS_DIR; };
		8C9DD8B92F1A78F7003088CF /* splitTests.xctest */ = {isa = PBXFileReference; explicitFileType = wrapper.cfbundle; includeInIndex = 0; path = splitTests.xctest; sourceTree = BUILT_PRODUCTS_DIR; };
		8C9DD8C32F1A78F7003088CF /* splitUITests.xctest */ = {isa = PBXFileReference; explicitFileType = wrapper.cfbundle; includeInIndex = 0; path = splitUITests.xctest; sourceTree = BUILT_PRODUCTS_DIR; };
/* End PBXFileReference section */

/* Begin PBXFileSystemSynchronizedBuildFileExceptionSet section */
		8CC31A352F5884FC003DE4D8 /* Exceptions for "split" folder in "split" target */ = {
			isa = PBXFileSystemSynchronizedBuildFileExceptionSet;
			membershipExceptions = (
				Info.plist,
			);
			target = 8C9DD8AB2F1A78F4003088CF /* split */;
		};
/* End PBXFileSystemSynchronizedBuildFileExceptionSet section */

/* Begin PBXFileSystemSynchronizedRootGroup section */
		8C9DD8AE2F1A78F4003088CF /* split */ = {
			isa = PBXFileSystemSynchronizedRootGroup;
			exceptions = (
				8CC31A352F5884FC003DE4D8 /* Exceptions for "split" folder in "split" target */,
			);
			path = split;
			sourceTree = "<group>";
		};
		8C9DD8BC2F1A78F7003088CF /* splitTests */ = {
			isa = PBXFileSystemSynchronizedRootGroup;
			path = splitTests;
			sourceTree = "<group>";
		};
		8C9DD8C62F1A78F8003088CF /* splitUITests */ = {
			isa = PBXFileSystemSynchronizedRootGroup;
			path = splitUITests;
			sourceTree = "<group>";
		};
/* End PBXFileSystemSynchronizedRootGroup section */

/* Begin PBXFrameworksBuildPhase section */
		8C9DD8A92F1A78F4003088CF /* Frameworks */ = {
			isa = PBXFrameworksBuildPhase;
			buildActionMask = 2147483647;
			files = (
				8CDC76D12F7781D600F33A49 /* GoogleMobileAds in Frameworks */,
				8CA7486F2F3F283400093052 /* Supabase in Frameworks */,
				8CC31A322F58744A003DE4D8 /* GoogleSignIn in Frameworks */,
			);
			runOnlyForDeploymentPostprocessing = 0;
		};
		8C9DD8B62F1A78F7003088CF /* Frameworks */ = {
			isa = PBXFrameworksBuildPhase;
			buildActionMask = 2147483647;
			files = (
			);
			runOnlyForDeploymentPostprocessing = 0;
		};
		8C9DD8C02F1A78F7003088CF /* Frameworks */ = {
			isa = PBXFrameworksBuildPhase;
			buildActionMask = 2147483647;
			files = (
			);
			runOnlyForDeploymentPostprocessing = 0;
		};
/* End PBXFrameworksBuildPhase section */

/* Begin PBXGroup section */
		8C9DD8A32F1A78F4003088CF = {
			isa = PBXGroup;
			children = (
				8C9DD8AE2F1A78F4003088CF /* split */,
				8C9DD8BC2F1A78F7003088CF /* splitTests */,
				8C9DD8C62F1A78F8003088CF /* splitUITests */,
				8CDC76CF2F7781D600F33A49 /* Frameworks */,
				8C9DD8AD2F1A78F4003088CF /* Products */,
			);
			sourceTree = "<group>";
		};
		8C9DD8AD2F1A78F4003088CF /* Products */ = {
			isa = PBXGroup;
			children = (
				8C9DD8AC2F1A78F4003088CF /* split.app */,
				8C9DD8B92F1A78F7003088CF /* splitTests.xctest */,
				8C9DD8C32F1A78F7003088CF /* splitUITests.xctest */,
			);
			name = Products;
			sourceTree = "<group>";
		};
		8CDC76CF2F7781D600F33A49 /* Frameworks */ = {
			isa = PBXGroup;
			children = (
			);
			name = Frameworks;
			sourceTree = "<group>";
		};
/* End PBXGroup section */

/* Begin PBXNativeTarget section */
		8C9DD8AB2F1A78F4003088CF /* split */ = {
			isa = PBXNativeTarget;
			buildConfigurationList = 8C9DD8CD2F1A78F8003088CF /* Build configuration list for PBXNativeTarget "split" */;
			buildPhases = (
				8C9DD8A82F1A78F4003088CF /* Sources */,
				8C9DD8A92F1A78F4003088CF /* Frameworks */,
				8C9DD8AA2F1A78F4003088CF /* Resources */,
			);
			buildRules = (
			);
			dependencies = (
			);
			fileSystemSynchronizedGroups = (
				8C9DD8AE2F1A78F4003088CF /* split */,
			);
			name = split;
			packageProductDependencies = (
				8CA1B0012F3D000000000010 /* Supabase */,
				8CC31A312F58744A003DE4D8 /* GoogleSignIn */,
				8CDC76D02F7781D600F33A49 /* GoogleMobileAds */,
			);
			productName = split;
			productReference = 8C9DD8AC2F1A78F4003088CF /* split.app */;
			productType = "com.apple.product-type.application";
		};
		8C9DD8B82F1A78F7003088CF /* splitTests */ = {
			isa = PBXNativeTarget;
			buildConfigurationList = 8C9DD8D02F1A78F8003088CF /* Build configuration list for PBXNativeTarget "splitTests" */;
			buildPhases = (
				8C9DD8B52F1A78F7003088CF /* Sources */,
				8C9DD8B62F1A78F7003088CF /* Frameworks */,
				8C9DD8B72F1A78F7003088CF /* Resources */,
			);
			buildRules = (
			);
			dependencies = (
				8C9DD8BB2F1A78F7003088CF /* PBXTargetDependency */,
			);
			fileSystemSynchronizedGroups = (
				8C9DD8BC2F1A78F7003088CF /* splitTests */,
			);
			name = splitTests;
			packageProductDependencies = (
			);
			productName = splitTests;
			productReference = 8C9DD8B92F1A78F7003088CF /* splitTests.xctest */;
			productType = "com.apple.product-type.bundle.unit-test";
		};
		8C9DD8C22F1A78F7003088CF /* splitUITests */ = {
			isa = PBXNativeTarget;
			buildConfigurationList = 8C9DD8D32F1A78F8003088CF /* Build configuration list for PBXNativeTarget "splitUITests" */;
			buildPhases = (
				8C9DD8BF2F1A78F7003088CF /* Sources */,
				8C9DD8C02F1A78F7003088CF /* Frameworks */,
				8C9DD8C12F1A78F7003088CF /* Resources */,
			);
			buildRules = (
			);
			dependencies = (
				8C9DD8C52F1A78F7003088CF /* PBXTargetDependency */,
			);
			fileSystemSynchronizedGroups = (
				8C9DD8C62F1A78F8003088CF /* splitUITests */,
			);
			name = splitUITests;
			packageProductDependencies = (
			);
			productName = splitUITests;
			productReference = 8C9DD8C32F1A78F7003088CF /* splitUITests.xctest */;
			productType = "com.apple.product-type.bundle.ui-testing";
		};
/* End PBXNativeTarget section */

/* Begin PBXProject section */
		8C9DD8A42F1A78F4003088CF /* Project object */ = {
			isa = PBXProject;
			attributes = {
				BuildIndependentTargetsInParallel = 1;
				LastSwiftUpdateCheck = 2610;
				LastUpgradeCheck = 2630;
				TargetAttributes = {
					8C9DD8AB2F1A78F4003088CF = {
						CreatedOnToolsVersion = 26.1.1;
					};
					8C9DD8B82F1A78F7003088CF = {
						CreatedOnToolsVersion = 26.1.1;
						TestTargetID = 8C9DD8AB2F1A78F4003088CF;
					};
					8C9DD8C22F1A78F7003088CF = {
						CreatedOnToolsVersion = 26.1.1;
						TestTargetID = 8C9DD8AB2F1A78F4003088CF;
					};
				};
			};
			buildConfigurationList = 8C9DD8A72F1A78F4003088CF /* Build configuration list for PBXProject "split" */;
			developmentRegion = en;
			hasScannedForEncodings = 0;
			knownRegions = (
				en,
				"zh-Hant",
				Base,
				"en-GB",
				ja,
				ko,
				"zh-Hans",
				"es-MX",
			);
			mainGroup = 8C9DD8A32F1A78F4003088CF;
			minimizedProjectReferenceProxies = 1;
			packageReferences = (
				8CA1B0012F3D000000000001 /* XCRemoteSwiftPackageReference "supabase-swift" */,
				8CC31A302F58744A003DE4D8 /* XCRemoteSwiftPackageReference "GoogleSignIn-iOS" */,
				8CDC75992F77794F00F33A49 /* XCRemoteSwiftPackageReference "swift-package-manager-google-mobile-ads" */,
			);
			preferredProjectObjectVersion = 77;
			productRefGroup = 8C9DD8AD2F1A78F4003088CF /* Products */;
			projectDirPath = "";
			projectRoot = "";
			targets = (
				8C9DD8AB2F1A78F4003088CF /* split */,
				8C9DD8B82F1A78F7003088CF /* splitTests */,
				8C9DD8C22F1A78F7003088CF /* splitUITests */,
			);
		};
/* End PBXProject section */

/* Begin PBXResourcesBuildPhase section */
		8C9DD8AA2F1A78F4003088CF /* Resources */ = {
			isa = PBXResourcesBuildPhase;
			buildActionMask = 2147483647;
			files = (
			);
			runOnlyForDeploymentPostprocessing = 0;
		};
		8C9DD8B72F1A78F7003088CF /* Resources */ = {
			isa = PBXResourcesBuildPhase;
			buildActionMask = 2147483647;
			files = (
			);
			runOnlyForDeploymentPostprocessing = 0;
		};
		8C9DD8C12F1A78F7003088CF /* Resources */ = {
			isa = PBXResourcesBuildPhase;
			buildActionMask = 2147483647;
			files = (
			);
			runOnlyForDeploymentPostprocessing = 0;
		};
/* End PBXResourcesBuildPhase section */

/* Begin PBXSourcesBuildPhase section */
		8C9DD8A82F1A78F4003088CF /* Sources */ = {
			isa = PBXSourcesBuildPhase;
			buildActionMask = 2147483647;
			files = (
			);
			runOnlyForDeploymentPostprocessing = 0;
		};
		8C9DD8B52F1A78F7003088CF /* Sources */ = {
			isa = PBXSourcesBuildPhase;
			buildActionMask = 2147483647;
			files = (
			);
			runOnlyForDeploymentPostprocessing = 0;
		};
		8C9DD8BF2F1A78F7003088CF /* Sources */ = {
			isa = PBXSourcesBuildPhase;
			buildActionMask = 2147483647;
			files = (
			);
			runOnlyForDeploymentPostprocessing = 0;
		};
/* End PBXSourcesBuildPhase section */

/* Begin PBXTargetDependency section */
		8C9DD8BB2F1A78F7003088CF /* PBXTargetDependency */ = {
			isa = PBXTargetDependency;
			target = 8C9DD8AB2F1A78F4003088CF /* split */;
			targetProxy = 8C9DD8BA2F1A78F7003088CF /* PBXContainerItemProxy */;
		};
		8C9DD8C52F1A78F7003088CF /* PBXTargetDependency */ = {
			isa = PBXTargetDependency;
			target = 8C9DD8AB2F1A78F4003088CF /* split */;
			targetProxy = 8C9DD8C42F1A78F7003088CF /* PBXContainerItemProxy */;
		};
/* End PBXTargetDependency section */

/* Begin XCBuildConfiguration section */
		8C9DD8CB2F1A78F8003088CF /* Debug */ = {
			isa = XCBuildConfiguration;
			buildSettings = {
				ALWAYS_SEARCH_USER_PATHS = NO;
				ASSETCATALOG_COMPILER_GENERATE_SWIFT_ASSET_SYMBOL_EXTENSIONS = YES;
				CLANG_ANALYZER_LOCALIZABILITY_NONLOCALIZED = YES;
				CLANG_ANALYZER_NONNULL = YES;
				CLANG_ANALYZER_NUMBER_OBJECT_CONVERSION = YES_AGGRESSIVE;
				CLANG_CXX_LANGUAGE_STANDARD = "gnu++20";
				CLANG_ENABLE_MODULES = YES;
				CLANG_ENABLE_OBJC_ARC = YES;
				CLANG_ENABLE_OBJC_WEAK = YES;
				CLANG_WARN_BLOCK_CAPTURE_AUTORELEASING = YES;
				CLANG_WARN_BOOL_CONVERSION = YES;
				CLANG_WARN_COMMA = YES;
				CLANG_WARN_CONSTANT_CONVERSION = YES;
				CLANG_WARN_DEPRECATED_OBJC_IMPLEMENTATIONS = YES;
				CLANG_WARN_DIRECT_OBJC_ISA_USAGE = YES_ERROR;
				CLANG_WARN_DOCUMENTATION_COMMENTS = YES;
				CLANG_WARN_EMPTY_BODY = YES;
				CLANG_WARN_ENUM_CONVERSION = YES;
				CLANG_WARN_INFINITE_RECURSION = YES;
				CLANG_WARN_INT_CONVERSION = YES;
				CLANG_WARN_NON_LITERAL_NULL_CONVERSION = YES;
				CLANG_WARN_OBJC_IMPLICIT_RETAIN_SELF = YES;
				CLANG_WARN_OBJC_LITERAL_CONVERSION = YES;
				CLANG_WARN_OBJC_ROOT_CLASS = YES_ERROR;
				CLANG_WARN_QUOTED_INCLUDE_IN_FRAMEWORK_HEADER = YES;
				CLANG_WARN_RANGE_LOOP_ANALYSIS = YES;
				CLANG_WARN_STRICT_PROTOTYPES = YES;
				CLANG_WARN_SUSPICIOUS_MOVE = YES;
				CLANG_WARN_UNGUARDED_AVAILABILITY = YES_AGGRESSIVE;
				CLANG_WARN_UNREACHABLE_CODE = YES;
				CLANG_WARN__DUPLICATE_METHOD_MATCH = YES;
				COPY_PHASE_STRIP = NO;
				DEBUG_INFORMATION_FORMAT = dwarf;
				DEVELOPMENT_TEAM = D889F8Z6MX;
				ENABLE_STRICT_OBJC_MSGSEND = YES;
				ENABLE_TESTABILITY = YES;
				ENABLE_USER_SCRIPT_SANDBOXING = YES;
				GCC_C_LANGUAGE_STANDARD = gnu17;
				GCC_DYNAMIC_NO_PIC = NO;
				GCC_NO_COMMON_BLOCKS = YES;
				GCC_OPTIMIZATION_LEVEL = 0;
				GCC_PREPROCESSOR_DEFINITIONS = (
					"DEBUG=1",
					"$(inherited)",
				);
				GCC_WARN_64_TO_32_BIT_CONVERSION = YES;
				GCC_WARN_ABOUT_RETURN_TYPE = YES_ERROR;
				GCC_WARN_UNDECLARED_SELECTOR = YES;
				GCC_WARN_UNINITIALIZED_AUTOS = YES_AGGRESSIVE;
				GCC_WARN_UNUSED_FUNCTION = YES;
				GCC_WARN_UNUSED_VARIABLE = YES;
				IPHONEOS_DEPLOYMENT_TARGET = 17.6;
				LOCALIZATION_PREFERS_STRING_CATALOGS = YES;
				MTL_ENABLE_DEBUG_INFO = INCLUDE_SOURCE;
				MTL_FAST_MATH = YES;
				ONLY_ACTIVE_ARCH = YES;
				SDKROOT = iphoneos;
				STRING_CATALOG_GENERATE_SYMBOLS = YES;
				SWIFT_ACTIVE_COMPILATION_CONDITIONS = "DEBUG $(inherited)";
				SWIFT_OPTIMIZATION_LEVEL = "-Onone";
			};
			name = Debug;
		};
		8C9DD8CC2F1A78F8003088CF /* Release */ = {
			isa = XCBuildConfiguration;
			buildSettings = {
				ALWAYS_SEARCH_USER_PATHS = NO;
				ASSETCATALOG_COMPILER_GENERATE_SWIFT_ASSET_SYMBOL_EXTENSIONS = YES;
				CLANG_ANALYZER_LOCALIZABILITY_NONLOCALIZED = YES;
				CLANG_ANALYZER_NONNULL = YES;
				CLANG_ANALYZER_NUMBER_OBJECT_CONVERSION = YES_AGGRESSIVE;
				CLANG_CXX_LANGUAGE_STANDARD = "gnu++20";
				CLANG_ENABLE_MODULES = YES;
				CLANG_ENABLE_OBJC_ARC = YES;
				CLANG_ENABLE_OBJC_WEAK = YES;
				CLANG_WARN_BLOCK_CAPTURE_AUTORELEASING = YES;
				CLANG_WARN_BOOL_CONVERSION = YES;
				CLANG_WARN_COMMA = YES;
				CLANG_WARN_CONSTANT_CONVERSION = YES;
				CLANG_WARN_DEPRECATED_OBJC_IMPLEMENTATIONS = YES;
				CLANG_WARN_DIRECT_OBJC_ISA_USAGE = YES_ERROR;
				CLANG_WARN_DOCUMENTATION_COMMENTS = YES;
				CLANG_WARN_EMPTY_BODY = YES;
				CLANG_WARN_ENUM_CONVERSION = YES;
				CLANG_WARN_INFINITE_RECURSION = YES;
				CLANG_WARN_INT_CONVERSION = YES;
				CLANG_WARN_NON_LITERAL_NULL_CONVERSION = YES;
				CLANG_WARN_OBJC_IMPLICIT_RETAIN_SELF = YES;
				CLANG_WARN_OBJC_LITERAL_CONVERSION = YES;
				CLANG_WARN_OBJC_ROOT_CLASS = YES_ERROR;
				CLANG_WARN_QUOTED_INCLUDE_IN_FRAMEWORK_HEADER = YES;
				CLANG_WARN_RANGE_LOOP_ANALYSIS = YES;
				CLANG_WARN_STRICT_PROTOTYPES = YES;
				CLANG_WARN_SUSPICIOUS_MOVE = YES;
				CLANG_WARN_UNGUARDED_AVAILABILITY = YES_AGGRESSIVE;
				CLANG_WARN_UNREACHABLE_CODE = YES;
				CLANG_WARN__DUPLICATE_METHOD_MATCH = YES;
				COPY_PHASE_STRIP = NO;
				DEBUG_INFORMATION_FORMAT = "dwarf-with-dsym";
				DEVELOPMENT_TEAM = D889F8Z6MX;
				ENABLE_NS_ASSERTIONS = NO;
				ENABLE_STRICT_OBJC_MSGSEND = YES;
				ENABLE_USER_SCRIPT_SANDBOXING = YES;
				GCC_C_LANGUAGE_STANDARD = gnu17;
				GCC_NO_COMMON_BLOCKS = YES;
				GCC_WARN_64_TO_32_BIT_CONVERSION = YES;
				GCC_WARN_ABOUT_RETURN_TYPE = YES_ERROR;
				GCC_WARN_UNDECLARED_SELECTOR = YES;
				GCC_WARN_UNINITIALIZED_AUTOS = YES_AGGRESSIVE;
				GCC_WARN_UNUSED_FUNCTION = YES;
				GCC_WARN_UNUSED_VARIABLE = YES;
				IPHONEOS_DEPLOYMENT_TARGET = 17.6;
				LOCALIZATION_PREFERS_STRING_CATALOGS = YES;
				MTL_ENABLE_DEBUG_INFO = NO;
				MTL_FAST_MATH = YES;
				SDKROOT = iphoneos;
				STRING_CATALOG_GENERATE_SYMBOLS = YES;
				SWIFT_COMPILATION_MODE = wholemodule;
				VALIDATE_PRODUCT = YES;
			};
			name = Release;
		};
		8C9DD8CE2F1A78F8003088CF /* Debug */ = {
			isa = XCBuildConfiguration;
			buildSettings = {
				ASSETCATALOG_COMPILER_APPICON_NAME = AppIcon;
				ASSETCATALOG_COMPILER_GLOBAL_ACCENT_COLOR_NAME = AccentColor;
				CODE_SIGN_ENTITLEMENTS = split/split.entitlements;
				CODE_SIGN_STYLE = Automatic;
				CURRENT_PROJECT_VERSION = 1;
				DEVELOPMENT_TEAM = D889F8Z6MX;
				ENABLE_PREVIEWS = YES;
				GENERATE_INFOPLIST_FILE = YES;
				INFOPLIST_FILE = split/Info.plist;
				INFOPLIST_KEY_CFBundleDisplayName = WaySplit;
				INFOPLIST_KEY_ITSAppUsesNonExemptEncryption = NO;
				INFOPLIST_KEY_LSApplicationCategoryType = "public.app-category.travel";
				INFOPLIST_KEY_NSAppTransportSecurity_NSAllowsArbitraryLoads = YES;
				INFOPLIST_KEY_NSCameraUsageDescription = "需要相機權限來拍攝發票和收據";
				INFOPLIST_KEY_NSPhotoLibraryUsageDescription = "需要相簿權限來選擇發票和收據照片";
				INFOPLIST_KEY_UIApplicationSceneManifest_Generation = YES;
				INFOPLIST_KEY_UIApplicationSupportsIndirectInputEvents = YES;
				INFOPLIST_KEY_UILaunchScreen_Generation = YES;
				INFOPLIST_KEY_UISupportedInterfaceOrientations = UIInterfaceOrientationPortrait;
				INFOPLIST_KEY_UISupportedInterfaceOrientations_iPad = "UIInterfaceOrientationLandscapeLeft UIInterfaceOrientationLandscapeRight UIInterfaceOrientationPortrait UIInterfaceOrientationPortraitUpsideDown";
				IPHONEOS_DEPLOYMENT_TARGET = 18.6;
				LD_RUNPATH_SEARCH_PATHS = (
					"$(inherited)",
					"@executable_path/Frameworks",
				);
				MARKETING_VERSION = 1.0.1;
				PRODUCT_BUNDLE_IDENTIFIER = com.tu.WaySplit;
				PRODUCT_NAME = "$(TARGET_NAME)";
				STRING_CATALOG_GENERATE_SYMBOLS = YES;
				SWIFT_EMIT_LOC_STRINGS = YES;
				SWIFT_STRICT_CONCURRENCY = complete;
				SWIFT_VERSION = 5.0;
				TARGETED_DEVICE_FAMILY = "1,2";
			};
			name = Debug;
		};
		8C9DD8CF2F1A78F8003088CF /* Release */ = {
			isa = XCBuildConfiguration;
			buildSettings = {
				ASSETCATALOG_COMPILER_APPICON_NAME = AppIcon;
				ASSETCATALOG_COMPILER_GLOBAL_ACCENT_COLOR_NAME = AccentColor;
				CODE_SIGN_ENTITLEMENTS = split/split.entitlements;
				CODE_SIGN_STYLE = Automatic;
				CURRENT_PROJECT_VERSION = 1;
				DEVELOPMENT_TEAM = D889F8Z6MX;
				ENABLE_PREVIEWS = YES;
				GENERATE_INFOPLIST_FILE = YES;
				INFOPLIST_FILE = split/Info.plist;
				INFOPLIST_KEY_CFBundleDisplayName = WaySplit;
				INFOPLIST_KEY_ITSAppUsesNonExemptEncryption = NO;
				INFOPLIST_KEY_LSApplicationCategoryType = "public.app-category.travel";
				INFOPLIST_KEY_NSAppTransportSecurity_NSAllowsArbitraryLoads = YES;
				INFOPLIST_KEY_NSCameraUsageDescription = "需要相機權限來拍攝發票和收據";
				INFOPLIST_KEY_NSPhotoLibraryUsageDescription = "需要相簿權限來選擇發票和收據照片";
				INFOPLIST_KEY_UIApplicationSceneManifest_Generation = YES;
				INFOPLIST_KEY_UIApplicationSupportsIndirectInputEvents = YES;
				INFOPLIST_KEY_UILaunchScreen_Generation = YES;
				INFOPLIST_KEY_UISupportedInterfaceOrientations = UIInterfaceOrientationPortrait;
				INFOPLIST_KEY_UISupportedInterfaceOrientations_iPad = "UIInterfaceOrientationLandscapeLeft UIInterfaceOrientationLandscapeRight UIInterfaceOrientationPortrait UIInterfaceOrientationPortraitUpsideDown";
				IPHONEOS_DEPLOYMENT_TARGET = 18.6;
				LD_RUNPATH_SEARCH_PATHS = (
					"$(inherited)",
					"@executable_path/Frameworks",
				);
				MARKETING_VERSION = 1.0.1;
				PRODUCT_BUNDLE_IDENTIFIER = com.tu.WaySplit;
				PRODUCT_NAME = "$(TARGET_NAME)";
				STRING_CATALOG_GENERATE_SYMBOLS = YES;
				SWIFT_EMIT_LOC_STRINGS = YES;
				SWIFT_STRICT_CONCURRENCY = complete;
				SWIFT_VERSION = 5.0;
				TARGETED_DEVICE_FAMILY = "1,2";
			};
			name = Release;
		};
		8C9DD8D12F1A78F8003088CF /* Debug */ = {
			isa = XCBuildConfiguration;
			buildSettings = {
				BUNDLE_LOADER = "$(TEST_HOST)";
				CODE_SIGN_STYLE = Automatic;
				CURRENT_PROJECT_VERSION = 1;
				DEVELOPMENT_TEAM = D889F8Z6MX;
				GENERATE_INFOPLIST_FILE = YES;
				IPHONEOS_DEPLOYMENT_TARGET = 18.6;
				MARKETING_VERSION = 1.0.1;
				PRODUCT_BUNDLE_IDENTIFIER = com.tu.WaySplitTests;
				PRODUCT_NAME = "$(TARGET_NAME)";
				STRING_CATALOG_GENERATE_SYMBOLS = NO;
				SWIFT_EMIT_LOC_STRINGS = NO;
				SWIFT_VERSION = 5.0;
				TARGETED_DEVICE_FAMILY = "1,2";
				TEST_HOST = "$(BUILT_PRODUCTS_DIR)/split.app/$(BUNDLE_EXECUTABLE_FOLDER_PATH)/split";
			};
			name = Debug;
		};
		8C9DD8D22F1A78F8003088CF /* Release */ = {
			isa = XCBuildConfiguration;
			buildSettings = {
				BUNDLE_LOADER = "$(TEST_HOST)";
				CODE_SIGN_STYLE = Automatic;
				CURRENT_PROJECT_VERSION = 1;
				DEVELOPMENT_TEAM = D889F8Z6MX;
				GENERATE_INFOPLIST_FILE = YES;
				IPHONEOS_DEPLOYMENT_TARGET = 18.6;
				MARKETING_VERSION = 1.0.1;
				PRODUCT_BUNDLE_IDENTIFIER = com.tu.WaySplitTests;
				PRODUCT_NAME = "$(TARGET_NAME)";
				STRING_CATALOG_GENERATE_SYMBOLS = NO;
				SWIFT_EMIT_LOC_STRINGS = NO;
				SWIFT_VERSION = 5.0;
				TARGETED_DEVICE_FAMILY = "1,2";
				TEST_HOST = "$(BUILT_PRODUCTS_DIR)/split.app/$(BUNDLE_EXECUTABLE_FOLDER_PATH)/split";
			};
			name = Release;
		};
		8C9DD8D42F1A78F8003088CF /* Debug */ = {
			isa = XCBuildConfiguration;
			buildSettings = {
				CODE_SIGN_STYLE = Automatic;
				CURRENT_PROJECT_VERSION = 1;
				DEVELOPMENT_TEAM = D889F8Z6MX;
				GENERATE_INFOPLIST_FILE = YES;
				IPHONEOS_DEPLOYMENT_TARGET = 18.6;
				MARKETING_VERSION = 1.0.1;
				PRODUCT_BUNDLE_IDENTIFIER = com.tu.WaySplitUITests;
				PRODUCT_NAME = "$(TARGET_NAME)";
				STRING_CATALOG_GENERATE_SYMBOLS = NO;
				SWIFT_EMIT_LOC_STRINGS = NO;
				SWIFT_VERSION = 5.0;
				TARGETED_DEVICE_FAMILY = "1,2";
				TEST_TARGET_NAME = split;
			};
			name = Debug;
		};
		8C9DD8D52F1A78F8003088CF /* Release */ = {
			isa = XCBuildConfiguration;
			buildSettings = {
				CODE_SIGN_STYLE = Automatic;
				CURRENT_PROJECT_VERSION = 1;
				DEVELOPMENT_TEAM = D889F8Z6MX;
				GENERATE_INFOPLIST_FILE = YES;
				IPHONEOS_DEPLOYMENT_TARGET = 18.6;
				MARKETING_VERSION = 1.0.1;
				PRODUCT_BUNDLE_IDENTIFIER = com.tu.WaySplitUITests;
				PRODUCT_NAME = "$(TARGET_NAME)";
				STRING_CATALOG_GENERATE_SYMBOLS = NO;
				SWIFT_EMIT_LOC_STRINGS = NO;
				SWIFT_VERSION = 5.0;
				TARGETED_DEVICE_FAMILY = "1,2";
				TEST_TARGET_NAME = split;
			};
			name = Release;
		};
/* End XCBuildConfiguration section */

/* Begin XCConfigurationList section */
		8C9DD8A72F1A78F4003088CF /* Build configuration list for PBXProject "split" */ = {
			isa = XCConfigurationList;
			buildConfigurations = (
				8C9DD8CB2F1A78F8003088CF /* Debug */,
				8C9DD8CC2F1A78F8003088CF /* Release */,
			);
			defaultConfigurationIsVisible = 0;
			defaultConfigurationName = Release;
		};
		8C9DD8CD2F1A78F8003088CF /* Build configuration list for PBXNativeTarget "split" */ = {
			isa = XCConfigurationList;
			buildConfigurations = (
				8C9DD8CE2F1A78F8003088CF /* Debug */,
				8C9DD8CF2F1A78F8003088CF /* Release */,
			);
			defaultConfigurationIsVisible = 0;
			defaultConfigurationName = Release;
		};
		8C9DD8D02F1A78F8003088CF /* Build configuration list for PBXNativeTarget "splitTests" */ = {
			isa = XCConfigurationList;
			buildConfigurations = (
				8C9DD8D12F1A78F8003088CF /* Debug */,
				8C9DD8D22F1A78F8003088CF /* Release */,
			);
			defaultConfigurationIsVisible = 0;
			defaultConfigurationName = Release;
		};
		8C9DD8D32F1A78F8003088CF /* Build configuration list for PBXNativeTarget "splitUITests" */ = {
			isa = XCConfigurationList;
			buildConfigurations = (
				8C9DD8D42F1A78F8003088CF /* Debug */,
				8C9DD8D52F1A78F8003088CF /* Release */,
			);
			defaultConfigurationIsVisible = 0;
			defaultConfigurationName = Release;
		};
/* End XCConfigurationList section */

/* Begin XCRemoteSwiftPackageReference section */
		8CA1B0012F3D000000000001 /* XCRemoteSwiftPackageReference "supabase-swift" */ = {
			isa = XCRemoteSwiftPackageReference;
			repositoryURL = "https://github.com/supabase/supabase-swift";
			requirement = {
				kind = upToNextMajorVersion;
				minimumVersion = 2.37.0;
			};
		};
		8CC31A302F58744A003DE4D8 /* XCRemoteSwiftPackageReference "GoogleSignIn-iOS" */ = {
			isa = XCRemoteSwiftPackageReference;
			repositoryURL = "https://github.com/google/GoogleSignIn-iOS";
			requirement = {
				kind = upToNextMajorVersion;
				minimumVersion = 9.1.0;
			};
		};
		8CDC75992F77794F00F33A49 /* XCRemoteSwiftPackageReference "swift-package-manager-google-mobile-ads" */ = {
			isa = XCRemoteSwiftPackageReference;
			repositoryURL = "https://github.com/googleads/swift-package-manager-google-mobile-ads.git";
			requirement = {
				kind = upToNextMajorVersion;
				minimumVersion = 13.1.0;
			};
		};
/* End XCRemoteSwiftPackageReference section */

/* Begin XCSwiftPackageProductDependency section */
		8CA1B0012F3D000000000010 /* Supabase */ = {
			isa = XCSwiftPackageProductDependency;
			package = 8CA1B0012F3D000000000001 /* XCRemoteSwiftPackageReference "supabase-swift" */;
			productName = Supabase;
		};
		8CC31A312F58744A003DE4D8 /* GoogleSignIn */ = {
			isa = XCSwiftPackageProductDependency;
			package = 8CC31A302F58744A003DE4D8 /* XCRemoteSwiftPackageReference "GoogleSignIn-iOS" */;
			productName = GoogleSignIn;
		};
		8CDC76D02F7781D600F33A49 /* GoogleMobileAds */ = {
			isa = XCSwiftPackageProductDependency;
			package = 8CDC75992F77794F00F33A49 /* XCRemoteSwiftPackageReference "swift-package-manager-google-mobile-ads" */;
			productName = GoogleMobileAds;
		};
/* End XCSwiftPackageProductDependency section */
	};
	rootObject = 8C9DD8A42F1A78F4003088CF /* Project object */;
}
